// !$*UTF8*$!
{
	archiveVersion = 1;
	classes = {
	};
	objectVersion = 46;
	objects = {

/* Begin PBXBuildFile section */
		485983081B7051D900AA9B8D /* SettingTableViewController.m in Sources */ = {isa = PBXBuildFile; fileRef = 485983071B7051D900AA9B8D /* SettingTableViewController.m */; };
		4859830B1B70576A00AA9B8D /* WeightViewController.m in Sources */ = {isa = PBXBuildFile; fileRef = 4859830A1B70576A00AA9B8D /* WeightViewController.m */; };
		4859830E1B70578800AA9B8D /* HeightViewController.m in Sources */ = {isa = PBXBuildFile; fileRef = 4859830D1B70578800AA9B8D /* HeightViewController.m */; };
		485983131B71F8BE00AA9B8D /* Images.xcassets in Resources */ = {isa = PBXBuildFile; fileRef = 485983121B71F8BE00AA9B8D /* Images.xcassets */; };
		48645F8C1B6854B10098EEE8 /* DistanceAnnotation.m in Sources */ = {isa = PBXBuildFile; fileRef = 48645F8B1B6854B10098EEE8 /* DistanceAnnotation.m */; };
		489738791B58AAE8002A438B /* main.m in Sources */ = {isa = PBXBuildFile; fileRef = 489738781B58AAE8002A438B /* main.m */; };
		4897387C1B58AAE8002A438B /* AppDelegate.m in Sources */ = {isa = PBXBuildFile; fileRef = 4897387B1B58AAE8002A438B /* AppDelegate.m */; };
		489738851B58AAE8002A438B /* Main.storyboard in Resources */ = {isa = PBXBuildFile; fileRef = 489738831B58AAE8002A438B /* Main.storyboard */; };
		4897388A1B58AAE8002A438B /* LaunchScreen.xib in Resources */ = {isa = PBXBuildFile; fileRef = 489738881B58AAE8002A438B /* LaunchScreen.xib */; };
		489738961B58AAE8002A438B /* RunnerTests.m in Sources */ = {isa = PBXBuildFile; fileRef = 489738951B58AAE8002A438B /* RunnerTests.m */; };
		489738AC1B58AC20002A438B /* Location.m in Sources */ = {isa = PBXBuildFile; fileRef = 489738A51B58AC20002A438B /* Location.m */; };
		489738AD1B58AC20002A438B /* Run.m in Sources */ = {isa = PBXBuildFile; fileRef = 489738A71B58AC20002A438B /* Run.m */; };
		489738AE1B58AC20002A438B /* Runner.xcdatamodeld in Sources */ = {isa = PBXBuildFile; fileRef = 489738A81B58AC20002A438B /* Runner.xcdatamodeld */; };
		489738B11B59DC98002A438B /* MainViewController.m in Sources */ = {isa = PBXBuildFile; fileRef = 489738B01B59DC98002A438B /* MainViewController.m */; };
		489738B31B5B2A3D002A438B /* MapKit.framework in Frameworks */ = {isa = PBXBuildFile; fileRef = 489738B21B5B2A3D002A438B /* MapKit.framework */; };
		489738B61B5B31F3002A438B /* RunningViewController.m in Sources */ = {isa = PBXBuildFile; fileRef = 489738B51B5B31F3002A438B /* RunningViewController.m */; };
		48D8932A1B6B643600719997 /* ScrollViewController.m in Sources */ = {isa = PBXBuildFile; fileRef = 48D893291B6B643600719997 /* ScrollViewController.m */; };
		48D893E71B6B7B4200719997 /* Charts.framework in Frameworks */ = {isa = PBXBuildFile; fileRef = 48D893E61B6B7AB900719997 /* Charts.framework */; };
		48D893E81B6B7B4200719997 /* Charts.framework in Embed Frameworks */ = {isa = PBXBuildFile; fileRef = 48D893E61B6B7AB900719997 /* Charts.framework */; settings = {ATTRIBUTES = (CodeSignOnCopy, RemoveHeadersOnCopy, ); }; };
		48D893EE1B6B878400719997 /* BarChartViewController.m in Sources */ = {isa = PBXBuildFile; fileRef = 48D893ED1B6B878400719997 /* BarChartViewController.m */; };
		48F7FA221B5B75ED007CF8B2 /* MathData.m in Sources */ = {isa = PBXBuildFile; fileRef = 48F7FA211B5B75ED007CF8B2 /* MathData.m */; };
		48F7FA251B5BB86D007CF8B2 /* WGS84TOGCJ02.m in Sources */ = {isa = PBXBuildFile; fileRef = 48F7FA241B5BB86D007CF8B2 /* WGS84TOGCJ02.m */; };
		48F7FA2B1B5BE7E6007CF8B2 /* DetailViewController.m in Sources */ = {isa = PBXBuildFile; fileRef = 48F7FA2A1B5BE7E6007CF8B2 /* DetailViewController.m */; };
		48F7FA311B5DDD0F007CF8B2 /* ActivityViewController.m in Sources */ = {isa = PBXBuildFile; fileRef = 48F7FA301B5DDD0F007CF8B2 /* ActivityViewController.m */; };
		48F7FA4B1B5F5B43007CF8B2 /* JBChartInformationView.m in Sources */ = {isa = PBXBuildFile; fileRef = 48F7FA431B5F5B43007CF8B2 /* JBChartInformationView.m */; };
		48F7FA4D1B5F5B43007CF8B2 /* JBLineChartFooterView.m in Sources */ = {isa = PBXBuildFile; fileRef = 48F7FA471B5F5B43007CF8B2 /* JBLineChartFooterView.m */; };
		48F7FA571B5F68F0007CF8B2 /* ActivityCell.m in Sources */ = {isa = PBXBuildFile; fileRef = 48F7FA541B5F68F0007CF8B2 /* ActivityCell.m */; };
		48F7FA581B5F68F0007CF8B2 /* ColorPolyline.m in Sources */ = {isa = PBXBuildFile; fileRef = 48F7FA561B5F68F0007CF8B2 /* ColorPolyline.m */; };
		48F7FA711B5FB806007CF8B2 /* JBBarChartView.m in Sources */ = {isa = PBXBuildFile; fileRef = 48F7FA6C1B5FB806007CF8B2 /* JBBarChartView.m */; };
		48F7FA721B5FB806007CF8B2 /* JBChartView.m in Sources */ = {isa = PBXBuildFile; fileRef = 48F7FA6E1B5FB806007CF8B2 /* JBChartView.m */; };
		48F7FA731B5FB806007CF8B2 /* JBLineChartView.m in Sources */ = {isa = PBXBuildFile; fileRef = 48F7FA701B5FB806007CF8B2 /* JBLineChartView.m */; };
		48F7FA791B61FA7E007CF8B2 /* MapDetialView.m in Sources */ = {isa = PBXBuildFile; fileRef = 48F7FA781B61FA7E007CF8B2 /* MapDetialView.m */; };
/* End PBXBuildFile section */

/* Begin PBXContainerItemProxy section */
		489738901B58AAE8002A438B /* PBXContainerItemProxy */ = {
			isa = PBXContainerItemProxy;
			containerPortal = 4897386B1B58AAE8002A438B /* Project object */;
			proxyType = 1;
			remoteGlobalIDString = 489738721B58AAE8002A438B;
			remoteInfo = Runner;
		};
		48D893E51B6B7AB900719997 /* PBXContainerItemProxy */ = {
			isa = PBXContainerItemProxy;
			containerPortal = 48D893E11B6B7AB900719997 /* Charts.xcodeproj */;
			proxyType = 2;
			remoteGlobalIDString = 5BA8EC401A9D14DC00CE82E1;
			remoteInfo = Charts;
		};
		48D893E91B6B7B4300719997 /* PBXContainerItemProxy */ = {
			isa = PBXContainerItemProxy;
			containerPortal = 48D893E11B6B7AB900719997 /* Charts.xcodeproj */;
			proxyType = 1;
			remoteGlobalIDString = 5BA8EC3F1A9D14DC00CE82E1;
			remoteInfo = Charts;
		};
/* End PBXContainerItemProxy section */

/* Begin PBXCopyFilesBuildPhase section */
		48D893EB1B6B7B4300719997 /* Embed Frameworks */ = {
			isa = PBXCopyFilesBuildPhase;
			buildActionMask = 2147483647;
			dstPath = "";
			dstSubfolderSpec = 10;
			files = (
				48D893E81B6B7B4200719997 /* Charts.framework in Embed Frameworks */,
			);
			name = "Embed Frameworks";
			runOnlyForDeploymentPostprocessing = 0;
		};
/* End PBXCopyFilesBuildPhase section */

/* Begin PBXFileReference section */
		485983061B7051D900AA9B8D /* SettingTableViewController.h */ = {isa = PBXFileReference; fileEncoding = 4; lastKnownFileType = sourcecode.c.h; path = SettingTableViewController.h; sourceTree = "<group>"; };
		485983071B7051D900AA9B8D /* SettingTableViewController.m */ = {isa = PBXFileReference; fileEncoding = 4; lastKnownFileType = sourcecode.c.objc; path = SettingTableViewController.m; sourceTree = "<group>"; };
		485983091B70576A00AA9B8D /* WeightViewController.h */ = {isa = PBXFileReference; fileEncoding = 4; lastKnownFileType = sourcecode.c.h; path = WeightViewController.h; sourceTree = "<group>"; };
		4859830A1B70576A00AA9B8D /* WeightViewController.m */ = {isa = PBXFileReference; fileEncoding = 4; lastKnownFileType = sourcecode.c.objc; path = WeightViewController.m; sourceTree = "<group>"; };
		4859830C1B70578800AA9B8D /* HeightViewController.h */ = {isa = PBXFileReference; fileEncoding = 4; lastKnownFileType = sourcecode.c.h; path = HeightViewController.h; sourceTree = "<group>"; };
		4859830D1B70578800AA9B8D /* HeightViewController.m */ = {isa = PBXFileReference; fileEncoding = 4; lastKnownFileType = sourcecode.c.objc; path = HeightViewController.m; sourceTree = "<group>"; };
		485983121B71F8BE00AA9B8D /* Images.xcassets */ = {isa = PBXFileReference; lastKnownFileType = folder.assetcatalog; path = Images.xcassets; sourceTree = "<group>"; };
		48645F8A1B6854B10098EEE8 /* DistanceAnnotation.h */ = {isa = PBXFileReference; fileEncoding = 4; lastKnownFileType = sourcecode.c.h; path = DistanceAnnotation.h; sourceTree = "<group>"; };
		48645F8B1B6854B10098EEE8 /* DistanceAnnotation.m */ = {isa = PBXFileReference; fileEncoding = 4; lastKnownFileType = sourcecode.c.objc; path = DistanceAnnotation.m; sourceTree = "<group>"; };
		489738731B58AAE8002A438B /* Runner.app */ = {isa = PBXFileReference; explicitFileType = wrapper.application; includeInIndex = 0; path = Runner.app; sourceTree = BUILT_PRODUCTS_DIR; };
		489738771B58AAE8002A438B /* Info.plist */ = {isa = PBXFileReference; lastKnownFileType = text.plist.xml; path = Info.plist; sourceTree = "<group>"; };
		489738781B58AAE8002A438B /* main.m */ = {isa = PBXFileReference; lastKnownFileType = sourcecode.c.objc; path = main.m; sourceTree = "<group>"; };
		4897387A1B58AAE8002A438B /* AppDelegate.h */ = {isa = PBXFileReference; lastKnownFileType = sourcecode.c.h; path = AppDelegate.h; sourceTree = "<group>"; };
		4897387B1B58AAE8002A438B /* AppDelegate.m */ = {isa = PBXFileReference; lastKnownFileType = sourcecode.c.objc; path = AppDelegate.m; sourceTree = "<group>"; };
		489738841B58AAE8002A438B /* Base */ = {isa = PBXFileReference; lastKnownFileType = file.storyboard; name = Base; path = Base.lproj/Main.storyboard; sourceTree = "<group>"; };
		489738891B58AAE8002A438B /* Base */ = {isa = PBXFileReference; lastKnownFileType = file.xib; name = Base; path = Base.lproj/LaunchScreen.xib; sourceTree = "<group>"; };
		4897388F1B58AAE8002A438B /* RunnerTests.xctest */ = {isa = PBXFileReference; explicitFileType = wrapper.cfbundle; includeInIndex = 0; path = RunnerTests.xctest; sourceTree = BUILT_PRODUCTS_DIR; };
		489738941B58AAE8002A438B /* Info.plist */ = {isa = PBXFileReference; lastKnownFileType = text.plist.xml; path = Info.plist; sourceTree = "<group>"; };
		489738951B58AAE8002A438B /* RunnerTests.m */ = {isa = PBXFileReference; lastKnownFileType = sourcecode.c.objc; path = RunnerTests.m; sourceTree = "<group>"; };
		489738A41B58AC20002A438B /* Location.h */ = {isa = PBXFileReference; fileEncoding = 4; lastKnownFileType = sourcecode.c.h; path = Location.h; sourceTree = "<group>"; };
		489738A51B58AC20002A438B /* Location.m */ = {isa = PBXFileReference; fileEncoding = 4; lastKnownFileType = sourcecode.c.objc; path = Location.m; sourceTree = "<group>"; };
		489738A61B58AC20002A438B /* Run.h */ = {isa = PBXFileReference; fileEncoding = 4; lastKnownFileType = sourcecode.c.h; path = Run.h; sourceTree = "<group>"; };
		489738A71B58AC20002A438B /* Run.m */ = {isa = PBXFileReference; fileEncoding = 4; lastKnownFileType = sourcecode.c.objc; path = Run.m; sourceTree = "<group>"; };
		489738A91B58AC20002A438B /* Runner.xcdatamodel */ = {isa = PBXFileReference; lastKnownFileType = wrapper.xcdatamodel; path = Runner.xcdatamodel; sourceTree = "<group>"; };
		489738AF1B59DC98002A438B /* MainViewController.h */ = {isa = PBXFileReference; fileEncoding = 4; lastKnownFileType = sourcecode.c.h; path = MainViewController.h; sourceTree = "<group>"; };
		489738B01B59DC98002A438B /* MainViewController.m */ = {isa = PBXFileReference; fileEncoding = 4; lastKnownFileType = sourcecode.c.objc; path = MainViewController.m; sourceTree = "<group>"; };
		489738B21B5B2A3D002A438B /* MapKit.framework */ = {isa = PBXFileReference; lastKnownFileType = wrapper.framework; name = MapKit.framework; path = System/Library/Frameworks/MapKit.framework; sourceTree = SDKROOT; };
		489738B41B5B31F3002A438B /* RunningViewController.h */ = {isa = PBXFileReference; fileEncoding = 4; lastKnownFileType = sourcecode.c.h; path = RunningViewController.h; sourceTree = "<group>"; };
		489738B51B5B31F3002A438B /* RunningViewController.m */ = {isa = PBXFileReference; fileEncoding = 4; lastKnownFileType = sourcecode.c.objc; path = RunningViewController.m; sourceTree = "<group>"; };
		48D893281B6B643600719997 /* ScrollViewController.h */ = {isa = PBXFileReference; fileEncoding = 4; lastKnownFileType = sourcecode.c.h; path = ScrollViewController.h; sourceTree = "<group>"; };
		48D893291B6B643600719997 /* ScrollViewController.m */ = {isa = PBXFileReference; fileEncoding = 4; lastKnownFileType = sourcecode.c.objc; path = ScrollViewController.m; sourceTree = "<group>"; };
		48D893E11B6B7AB900719997 /* Charts.xcodeproj */ = {isa = PBXFileReference; lastKnownFileType = "wrapper.pb-project"; name = Charts.xcodeproj; path = ../Charts/Charts.xcodeproj; sourceTree = "<group>"; };
		48D893EC1B6B878400719997 /* BarChartViewController.h */ = {isa = PBXFileReference; fileEncoding = 4; lastKnownFileType = sourcecode.c.h; path = BarChartViewController.h; sourceTree = "<group>"; };
		48D893ED1B6B878400719997 /* BarChartViewController.m */ = {isa = PBXFileReference; fileEncoding = 4; lastKnownFileType = sourcecode.c.objc; path = BarChartViewController.m; sourceTree = "<group>"; };
		48F7FA201B5B75ED007CF8B2 /* MathData.h */ = {isa = PBXFileReference; fileEncoding = 4; lastKnownFileType = sourcecode.c.h; path = MathData.h; sourceTree = "<group>"; };
		48F7FA211B5B75ED007CF8B2 /* MathData.m */ = {isa = PBXFileReference; fileEncoding = 4; lastKnownFileType = sourcecode.c.objc; path = MathData.m; sourceTree = "<group>"; };
		48F7FA231B5BB86D007CF8B2 /* WGS84TOGCJ02.h */ = {isa = PBXFileReference; fileEncoding = 4; lastKnownFileType = sourcecode.c.h; path = WGS84TOGCJ02.h; sourceTree = "<group>"; };
		48F7FA241B5BB86D007CF8B2 /* WGS84TOGCJ02.m */ = {isa = PBXFileReference; fileEncoding = 4; lastKnownFileType = sourcecode.c.objc; path = WGS84TOGCJ02.m; sourceTree = "<group>"; };
		48F7FA291B5BE7E6007CF8B2 /* DetailViewController.h */ = {isa = PBXFileReference; fileEncoding = 4; lastKnownFileType = sourcecode.c.h; path = DetailViewController.h; sourceTree = "<group>"; };
		48F7FA2A1B5BE7E6007CF8B2 /* DetailViewController.m */ = {isa = PBXFileReference; fileEncoding = 4; lastKnownFileType = sourcecode.c.objc; path = DetailViewController.m; sourceTree = "<group>"; };
		48F7FA2F1B5DDD0F007CF8B2 /* ActivityViewController.h */ = {isa = PBXFileReference; fileEncoding = 4; lastKnownFileType = sourcecode.c.h; path = ActivityViewController.h; sourceTree = "<group>"; };
		48F7FA301B5DDD0F007CF8B2 /* ActivityViewController.m */ = {isa = PBXFileReference; fileEncoding = 4; lastKnownFileType = sourcecode.c.objc; path = ActivityViewController.m; sourceTree = "<group>"; };
		48F7FA421B5F5B43007CF8B2 /* JBChartInformationView.h */ = {isa = PBXFileReference; fileEncoding = 4; lastKnownFileType = sourcecode.c.h; path = JBChartInformationView.h; sourceTree = "<group>"; };
		48F7FA431B5F5B43007CF8B2 /* JBChartInformationView.m */ = {isa = PBXFileReference; fileEncoding = 4; lastKnownFileType = sourcecode.c.objc; path = JBChartInformationView.m; sourceTree = "<group>"; };
		48F7FA461B5F5B43007CF8B2 /* JBLineChartFooterView.h */ = {isa = PBXFileReference; fileEncoding = 4; lastKnownFileType = sourcecode.c.h; path = JBLineChartFooterView.h; sourceTree = "<group>"; };
		48F7FA471B5F5B43007CF8B2 /* JBLineChartFooterView.m */ = {isa = PBXFileReference; fileEncoding = 4; lastKnownFileType = sourcecode.c.objc; path = JBLineChartFooterView.m; sourceTree = "<group>"; };
		48F7FA531B5F68F0007CF8B2 /* ActivityCell.h */ = {isa = PBXFileReference; fileEncoding = 4; lastKnownFileType = sourcecode.c.h; path = ActivityCell.h; sourceTree = "<group>"; };
		48F7FA541B5F68F0007CF8B2 /* ActivityCell.m */ = {isa = PBXFileReference; fileEncoding = 4; lastKnownFileType = sourcecode.c.objc; path = ActivityCell.m; sourceTree = "<group>"; };
		48F7FA551B5F68F0007CF8B2 /* ColorPolyline.h */ = {isa = PBXFileReference; fileEncoding = 4; lastKnownFileType = sourcecode.c.h; path = ColorPolyline.h; sourceTree = "<group>"; };
		48F7FA561B5F68F0007CF8B2 /* ColorPolyline.m */ = {isa = PBXFileReference; fileEncoding = 4; lastKnownFileType = sourcecode.c.objc; path = ColorPolyline.m; sourceTree = "<group>"; };
		48F7FA6B1B5FB806007CF8B2 /* JBBarChartView.h */ = {isa = PBXFileReference; fileEncoding = 4; lastKnownFileType = sourcecode.c.h; path = JBBarChartView.h; sourceTree = "<group>"; };
		48F7FA6C1B5FB806007CF8B2 /* JBBarChartView.m */ = {isa = PBXFileReference; fileEncoding = 4; lastKnownFileType = sourcecode.c.objc; path = JBBarChartView.m; sourceTree = "<group>"; };
		48F7FA6D1B5FB806007CF8B2 /* JBChartView.h */ = {isa = PBXFileReference; fileEncoding = 4; lastKnownFileType = sourcecode.c.h; path = JBChartView.h; sourceTree = "<group>"; };
		48F7FA6E1B5FB806007CF8B2 /* JBChartView.m */ = {isa = PBXFileReference; fileEncoding = 4; lastKnownFileType = sourcecode.c.objc; path = JBChartView.m; sourceTree = "<group>"; };
		48F7FA6F1B5FB806007CF8B2 /* JBLineChartView.h */ = {isa = PBXFileReference; fileEncoding = 4; lastKnownFileType = sourcecode.c.h; path = JBLineChartView.h; sourceTree = "<group>"; };
		48F7FA701B5FB806007CF8B2 /* JBLineChartView.m */ = {isa = PBXFileReference; fileEncoding = 4; lastKnownFileType = sourcecode.c.objc; path = JBLineChartView.m; sourceTree = "<group>"; };
		48F7FA771B61FA7E007CF8B2 /* MapDetialView.h */ = {isa = PBXFileReference; fileEncoding = 4; lastKnownFileType = sourcecode.c.h; path = MapDetialView.h; sourceTree = "<group>"; };
		48F7FA781B61FA7E007CF8B2 /* MapDetialView.m */ = {isa = PBXFileReference; fileEncoding = 4; lastKnownFileType = sourcecode.c.objc; path = MapDetialView.m; sourceTree = "<group>"; };
/* End PBXFileReference section */

/* Begin PBXFrameworksBuildPhase section */
		489738701B58AAE8002A438B /* Frameworks */ = {
			isa = PBXFrameworksBuildPhase;
			buildActionMask = 2147483647;
			files = (
				489738B31B5B2A3D002A438B /* MapKit.framework in Frameworks */,
				48D893E71B6B7B4200719997 /* Charts.framework in Frameworks */,
			);
			runOnlyForDeploymentPostprocessing = 0;
		};
		4897388C1B58AAE8002A438B /* Frameworks */ = {
			isa = PBXFrameworksBuildPhase;
			buildActionMask = 2147483647;
			files = (
			);
			runOnlyForDeploymentPostprocessing = 0;
		};
/* End PBXFrameworksBuildPhase section */

/* Begin PBXGroup section */
		4897386A1B58AAE8002A438B = {
			isa = PBXGroup;
			children = (
				489738B21B5B2A3D002A438B /* MapKit.framework */,
				489738751B58AAE8002A438B /* Runner */,
				489738921B58AAE8002A438B /* RunnerTests */,
				489738741B58AAE8002A438B /* Products */,
				48D893E11B6B7AB900719997 /* Charts.xcodeproj */,
			);
			sourceTree = "<group>";
		};
		489738741B58AAE8002A438B /* Products */ = {
			isa = PBXGroup;
			children = (
				489738731B58AAE8002A438B /* Runner.app */,
				4897388F1B58AAE8002A438B /* RunnerTests.xctest */,
			);
			name = Products;
			sourceTree = "<group>";
		};
		489738751B58AAE8002A438B /* Runner */ = {
			isa = PBXGroup;
			children = (
				48F7FA521B5F68F0007CF8B2 /* View */,
				48F7FA3F1B5F5B43007CF8B2 /* JBChartView */,
				489738AA1B58AC20002A438B /* Model */,
				4897389F1B58AC20002A438B /* Controller */,
				489738A31B58AC20002A438B /* CoreData */,
				4897387A1B58AAE8002A438B /* AppDelegate.h */,
				4897387B1B58AAE8002A438B /* AppDelegate.m */,
				489738831B58AAE8002A438B /* Main.storyboard */,
				489738881B58AAE8002A438B /* LaunchScreen.xib */,
				489738761B58AAE8002A438B /* Supporting Files */,
				485983121B71F8BE00AA9B8D /* Images.xcassets */,
			);
			path = Runner;
			sourceTree = "<group>";
		};
		489738761B58AAE8002A438B /* Supporting Files */ = {
			isa = PBXGroup;
			children = (
				489738771B58AAE8002A438B /* Info.plist */,
				489738781B58AAE8002A438B /* main.m */,
			);
			name = "Supporting Files";
			sourceTree = "<group>";
		};
		489738921B58AAE8002A438B /* RunnerTests */ = {
			isa = PBXGroup;
			children = (
				489738951B58AAE8002A438B /* RunnerTests.m */,
				489738931B58AAE8002A438B /* Supporting Files */,
			);
			path = RunnerTests;
			sourceTree = "<group>";
		};
		489738931B58AAE8002A438B /* Supporting Files */ = {
			isa = PBXGroup;
			children = (
				489738941B58AAE8002A438B /* Info.plist */,
			);
			name = "Supporting Files";
			sourceTree = "<group>";
		};
		4897389F1B58AC20002A438B /* Controller */ = {
			isa = PBXGroup;
			children = (
				489738A11B58AC20002A438B /* MainView */,
				489738A01B58AC20002A438B /* Activity */,
				489738A21B58AC20002A438B /* SettingView */,
				48F7FA291B5BE7E6007CF8B2 /* DetailViewController.h */,
				48F7FA2A1B5BE7E6007CF8B2 /* DetailViewController.m */,
			);
			path = Controller;
			sourceTree = "<group>";
		};
		489738A01B58AC20002A438B /* Activity */ = {
			isa = PBXGroup;
			children = (
				48F7FA2F1B5DDD0F007CF8B2 /* ActivityViewController.h */,
				48F7FA301B5DDD0F007CF8B2 /* ActivityViewController.m */,
				48D893281B6B643600719997 /* ScrollViewController.h */,
				48D893291B6B643600719997 /* ScrollViewController.m */,
				48D893EC1B6B878400719997 /* BarChartViewController.h */,
				48D893ED1B6B878400719997 /* BarChartViewController.m */,
			);
			path = Activity;
			sourceTree = "<group>";
		};
		489738A11B58AC20002A438B /* MainView */ = {
			isa = PBXGroup;
			children = (
				489738AF1B59DC98002A438B /* MainViewController.h */,
				489738B01B59DC98002A438B /* MainViewController.m */,
				489738B41B5B31F3002A438B /* RunningViewController.h */,
				489738B51B5B31F3002A438B /* RunningViewController.m */,
			);
			path = MainView;
			sourceTree = "<group>";
		};
		489738A21B58AC20002A438B /* SettingView */ = {
			isa = PBXGroup;
			children = (
				485983061B7051D900AA9B8D /* SettingTableViewController.h */,
				485983071B7051D900AA9B8D /* SettingTableViewController.m */,
				485983091B70576A00AA9B8D /* WeightViewController.h */,
				4859830A1B70576A00AA9B8D /* WeightViewController.m */,
				4859830C1B70578800AA9B8D /* HeightViewController.h */,
				4859830D1B70578800AA9B8D /* HeightViewController.m */,
			);
			path = SettingView;
			sourceTree = "<group>";
		};
		489738A31B58AC20002A438B /* CoreData */ = {
			isa = PBXGroup;
			children = (
				489738A41B58AC20002A438B /* Location.h */,
				489738A51B58AC20002A438B /* Location.m */,
				489738A61B58AC20002A438B /* Run.h */,
				489738A71B58AC20002A438B /* Run.m */,
				489738A81B58AC20002A438B /* Runner.xcdatamodeld */,
			);
			path = CoreData;
			sourceTree = "<group>";
		};
		489738AA1B58AC20002A438B /* Model */ = {
			isa = PBXGroup;
			children = (
				48F7FA201B5B75ED007CF8B2 /* MathData.h */,
				48F7FA211B5B75ED007CF8B2 /* MathData.m */,
				48F7FA231B5BB86D007CF8B2 /* WGS84TOGCJ02.h */,
				48F7FA241B5BB86D007CF8B2 /* WGS84TOGCJ02.m */,
			);
			path = Model;
			sourceTree = "<group>";
		};
		48D893E21B6B7AB900719997 /* Products */ = {
			isa = PBXGroup;
			children = (
				48D893E61B6B7AB900719997 /* Charts.framework */,
			);
			name = Products;
			sourceTree = "<group>";
		};
		48F7FA3F1B5F5B43007CF8B2 /* JBChartView */ = {
			isa = PBXGroup;
			children = (
				48F7FA6B1B5FB806007CF8B2 /* JBBarChartView.h */,
				48F7FA6C1B5FB806007CF8B2 /* JBBarChartView.m */,
				48F7FA6D1B5FB806007CF8B2 /* JBChartView.h */,
				48F7FA6E1B5FB806007CF8B2 /* JBChartView.m */,
				48F7FA6F1B5FB806007CF8B2 /* JBLineChartView.h */,
				48F7FA701B5FB806007CF8B2 /* JBLineChartView.m */,
				48F7FA421B5F5B43007CF8B2 /* JBChartInformationView.h */,
				48F7FA431B5F5B43007CF8B2 /* JBChartInformationView.m */,
				48F7FA461B5F5B43007CF8B2 /* JBLineChartFooterView.h */,
				48F7FA471B5F5B43007CF8B2 /* JBLineChartFooterView.m */,
			);
			path = JBChartView;
			sourceTree = "<group>";
		};
		48F7FA521B5F68F0007CF8B2 /* View */ = {
			isa = PBXGroup;
			children = (
				48F7FA771B61FA7E007CF8B2 /* MapDetialView.h */,
				48F7FA781B61FA7E007CF8B2 /* MapDetialView.m */,
				48F7FA531B5F68F0007CF8B2 /* ActivityCell.h */,
				48F7FA541B5F68F0007CF8B2 /* ActivityCell.m */,
				48F7FA551B5F68F0007CF8B2 /* ColorPolyline.h */,
				48F7FA561B5F68F0007CF8B2 /* ColorPolyline.m */,
				48645F8A1B6854B10098EEE8 /* DistanceAnnotation.h */,
				48645F8B1B6854B10098EEE8 /* DistanceAnnotation.m */,
			);
			path = View;
			sourceTree = "<group>";
		};
/* End PBXGroup section */

/* Begin PBXNativeTarget section */
		489738721B58AAE8002A438B /* Runner */ = {
			isa = PBXNativeTarget;
			buildConfigurationList = 489738991B58AAE8002A438B /* Build configuration list for PBXNativeTarget "Runner" */;
			buildPhases = (
				4897386F1B58AAE8002A438B /* Sources */,
				489738701B58AAE8002A438B /* Frameworks */,
				489738711B58AAE8002A438B /* Resources */,
				48D893EB1B6B7B4300719997 /* Embed Frameworks */,
			);
			buildRules = (
			);
			dependencies = (
				48D893EA1B6B7B4300719997 /* PBXTargetDependency */,
			);
			name = Runner;
			productName = Runner;
			productReference = 489738731B58AAE8002A438B /* Runner.app */;
			productType = "com.apple.product-type.application";
		};
		4897388E1B58AAE8002A438B /* RunnerTests */ = {
			isa = PBXNativeTarget;
			buildConfigurationList = 4897389C1B58AAE8002A438B /* Build configuration list for PBXNativeTarget "RunnerTests" */;
			buildPhases = (
				4897388B1B58AAE8002A438B /* Sources */,
				4897388C1B58AAE8002A438B /* Frameworks */,
				4897388D1B58AAE8002A438B /* Resources */,
			);
			buildRules = (
			);
			dependencies = (
				489738911B58AAE8002A438B /* PBXTargetDependency */,
			);
			name = RunnerTests;
			productName = RunnerTests;
			productReference = 4897388F1B58AAE8002A438B /* RunnerTests.xctest */;
			productType = "com.apple.product-type.bundle.unit-test";
		};
/* End PBXNativeTarget section */

/* Begin PBXProject section */
		4897386B1B58AAE8002A438B /* Project object */ = {
			isa = PBXProject;
			attributes = {
				LastUpgradeCheck = 0640;
				ORGANIZATIONNAME = Tech;
				TargetAttributes = {
					489738721B58AAE8002A438B = {
						CreatedOnToolsVersion = 6.4;
						SystemCapabilities = {
							com.apple.BackgroundModes = {
								enabled = 1;
							};
						};
					};
					4897388E1B58AAE8002A438B = {
						CreatedOnToolsVersion = 6.4;
						TestTargetID = 489738721B58AAE8002A438B;
					};
				};
			};
			buildConfigurationList = 4897386E1B58AAE8002A438B /* Build configuration list for PBXProject "Runner" */;
			compatibilityVersion = "Xcode 3.2";
			developmentRegion = English;
			hasScannedForEncodings = 0;
			knownRegions = (
				en,
				Base,
			);
			mainGroup = 4897386A1B58AAE8002A438B;
			productRefGroup = 489738741B58AAE8002A438B /* Products */;
			projectDirPath = "";
			projectReferences = (
				{
					ProductGroup = 48D893E21B6B7AB900719997 /* Products */;
					ProjectRef = 48D893E11B6B7AB900719997 /* Charts.xcodeproj */;
				},
			);
			projectRoot = "";
			targets = (
				489738721B58AAE8002A438B /* Runner */,
				4897388E1B58AAE8002A438B /* RunnerTests */,
			);
		};
/* End PBXProject section */

/* Begin PBXReferenceProxy section */
		48D893E61B6B7AB900719997 /* Charts.framework */ = {
			isa = PBXReferenceProxy;
			fileType = wrapper.framework;
			path = Charts.framework;
			remoteRef = 48D893E51B6B7AB900719997 /* PBXContainerItemProxy */;
			sourceTree = BUILT_PRODUCTS_DIR;
		};
/* End PBXReferenceProxy section */

/* Begin PBXResourcesBuildPhase section */
		489738711B58AAE8002A438B /* Resources */ = {
			isa = PBXResourcesBuildPhase;
			buildActionMask = 2147483647;
			files = (
				485983131B71F8BE00AA9B8D /* Images.xcassets in Resources */,
				489738851B58AAE8002A438B /* Main.storyboard in Resources */,
				4897388A1B58AAE8002A438B /* LaunchScreen.xib in Resources */,
			);
			runOnlyForDeploymentPostprocessing = 0;
		};
		4897388D1B58AAE8002A438B /* Resources */ = {
			isa = PBXResourcesBuildPhase;
			buildActionMask = 2147483647;
			files = (
			);
			runOnlyForDeploymentPostprocessing = 0;
		};
/* End PBXResourcesBuildPhase section */

/* Begin PBXSourcesBuildPhase section */
		4897386F1B58AAE8002A438B /* Sources */ = {
			isa = PBXSourcesBuildPhase;
			buildActionMask = 2147483647;
			files = (
				48D8932A1B6B643600719997 /* ScrollViewController.m in Sources */,
				4897387C1B58AAE8002A438B /* AppDelegate.m in Sources */,
				48F7FA731B5FB806007CF8B2 /* JBLineChartView.m in Sources */,
				48F7FA311B5DDD0F007CF8B2 /* ActivityViewController.m in Sources */,
				48F7FA4D1B5F5B43007CF8B2 /* JBLineChartFooterView.m in Sources */,
				485983081B7051D900AA9B8D /* SettingTableViewController.m in Sources */,
				48F7FA221B5B75ED007CF8B2 /* MathData.m in Sources */,
				489738B11B59DC98002A438B /* MainViewController.m in Sources */,
				489738791B58AAE8002A438B /* main.m in Sources */,
				48F7FA571B5F68F0007CF8B2 /* ActivityCell.m in Sources */,
				489738AD1B58AC20002A438B /* Run.m in Sources */,
				48645F8C1B6854B10098EEE8 /* DistanceAnnotation.m in Sources */,
				48F7FA2B1B5BE7E6007CF8B2 /* DetailViewController.m in Sources */,
				48F7FA711B5FB806007CF8B2 /* JBBarChartView.m in Sources */,
				489738AC1B58AC20002A438B /* Location.m in Sources */,
				489738AE1B58AC20002A438B /* Runner.xcdatamodeld in Sources */,
				4859830B1B70576A00AA9B8D /* WeightViewController.m in Sources */,
				48F7FA581B5F68F0007CF8B2 /* ColorPolyline.m in Sources */,
				48F7FA251B5BB86D007CF8B2 /* WGS84TOGCJ02.m in Sources */,
				48D893EE1B6B878400719997 /* BarChartViewController.m in Sources */,
				48F7FA4B1B5F5B43007CF8B2 /* JBChartInformationView.m in Sources */,
				4859830E1B70578800AA9B8D /* HeightViewController.m in Sources */,
				48F7FA721B5FB806007CF8B2 /* JBChartView.m in Sources */,
				489738B61B5B31F3002A438B /* RunningViewController.m in Sources */,
				48F7FA791B61FA7E007CF8B2 /* MapDetialView.m in Sources */,
			);
			runOnlyForDeploymentPostprocessing = 0;
		};
		4897388B1B58AAE8002A438B /* Sources */ = {
			isa = PBXSourcesBuildPhase;
			buildActionMask = 2147483647;
			files = (
				489738961B58AAE8002A438B /* RunnerTests.m in Sources */,
			);
			runOnlyForDeploymentPostprocessing = 0;
		};
/* End PBXSourcesBuildPhase section */

/* Begin PBXTargetDependency section */
		489738911B58AAE8002A438B /* PBXTargetDependency */ = {
			isa = PBXTargetDependency;
			target = 489738721B58AAE8002A438B /* Runner */;
			targetProxy = 489738901B58AAE8002A438B /* PBXContainerItemProxy */;
		};
		48D893EA1B6B7B4300719997 /* PBXTargetDependency */ = {
			isa = PBXTargetDependency;
			name = Charts;
			targetProxy = 48D893E91B6B7B4300719997 /* PBXContainerItemProxy */;
		};
/* End PBXTargetDependency section */

/* Begin PBXVariantGroup section */
		489738831B58AAE8002A438B /* Main.storyboard */ = {
			isa = PBXVariantGroup;
			children = (
				489738841B58AAE8002A438B /* Base */,
			);
			name = Main.storyboard;
			sourceTree = "<group>";
		};
		489738881B58AAE8002A438B /* LaunchScreen.xib */ = {
			isa = PBXVariantGroup;
			children = (
				489738891B58AAE8002A438B /* Base */,
			);
			name = LaunchScreen.xib;
			sourceTree = "<group>";
		};
/* End PBXVariantGroup section */

/* Begin XCBuildConfiguration section */
		489738971B58AAE8002A438B /* Debug */ = {
			isa = XCBuildConfiguration;
			buildSettings = {
				ALWAYS_SEARCH_USER_PATHS = NO;
				CLANG_CXX_LANGUAGE_STANDARD = "gnu++0x";
				CLANG_CXX_LIBRARY = "libc++";
				CLANG_ENABLE_MODULES = YES;
				CLANG_ENABLE_OBJC_ARC = YES;
				CLANG_WARN_BOOL_CONVERSION = YES;
				CLANG_WARN_CONSTANT_CONVERSION = YES;
				CLANG_WARN_DIRECT_OBJC_ISA_USAGE = YES_ERROR;
				CLANG_WARN_EMPTY_BODY = YES;
				CLANG_WARN_ENUM_CONVERSION = YES;
				CLANG_WARN_INT_CONVERSION = YES;
				CLANG_WARN_OBJC_ROOT_CLASS = YES_ERROR;
				CLANG_WARN_UNREACHABLE_CODE = YES;
				CLANG_WARN__DUPLICATE_METHOD_MATCH = YES;
				CODE_SIGN_IDENTITY = "iPhone Developer: wu delphi (82N28SYXCL)";
				"CODE_SIGN_IDENTITY[sdk=iphoneos*]" = "iPhone Developer: wu delphi (82N28SYXCL)";
				COPY_PHASE_STRIP = NO;
				DEBUG_INFORMATION_FORMAT = "dwarf-with-dsym";
				ENABLE_STRICT_OBJC_MSGSEND = YES;
				GCC_C_LANGUAGE_STANDARD = gnu99;
				GCC_DYNAMIC_NO_PIC = NO;
				GCC_NO_COMMON_BLOCKS = YES;
				GCC_OPTIMIZATION_LEVEL = 0;
				GCC_PREPROCESSOR_DEFINITIONS = (
					"DEBUG=1",
					"$(inherited)",
				);
				GCC_SYMBOLS_PRIVATE_EXTERN = NO;
				GCC_WARN_64_TO_32_BIT_CONVERSION = YES;
				GCC_WARN_ABOUT_RETURN_TYPE = YES_ERROR;
				GCC_WARN_UNDECLARED_SELECTOR = YES;
				GCC_WARN_UNINITIALIZED_AUTOS = YES_AGGRESSIVE;
				GCC_WARN_UNUSED_FUNCTION = YES;
				GCC_WARN_UNUSED_VARIABLE = YES;
				IPHONEOS_DEPLOYMENT_TARGET = 8.4;
				MTL_ENABLE_DEBUG_INFO = YES;
				ONLY_ACTIVE_ARCH = YES;
				PROVISIONING_PROFILE = "7926c0c9-8cea-4c11-bbc2-8975036483b1";
				SDKROOT = iphoneos;
			};
			name = Debug;
		};
		489738981B58AAE8002A438B /* Release */ = {
			isa = XCBuildConfiguration;
			buildSettings = {
				ALWAYS_SEARCH_USER_PATHS = NO;
				CLANG_CXX_LANGUAGE_STANDARD = "gnu++0x";
				CLANG_CXX_LIBRARY = "libc++";
				CLANG_ENABLE_MODULES = YES;
				CLANG_ENABLE_OBJC_ARC = YES;
				CLANG_WARN_BOOL_CONVERSION = YES;
				CLANG_WARN_CONSTANT_CONVERSION = YES;
				CLANG_WARN_DIRECT_OBJC_ISA_USAGE = YES_ERROR;
				CLANG_WARN_EMPTY_BODY = YES;
				CLANG_WARN_ENUM_CONVERSION = YES;
				CLANG_WARN_INT_CONVERSION = YES;
				CLANG_WARN_OBJC_ROOT_CLASS = YES_ERROR;
				CLANG_WARN_UNREACHABLE_CODE = YES;
				CLANG_WARN__DUPLICATE_METHOD_MATCH = YES;
				CODE_SIGN_IDENTITY = "iPhone Distribution: wu delphi (3FK5JW7CVT)";
				"CODE_SIGN_IDENTITY[sdk=iphoneos*]" = "iPhone Distribution: wu delphi (3FK5JW7CVT)";
				COPY_PHASE_STRIP = NO;
				DEBUG_INFORMATION_FORMAT = "dwarf-with-dsym";
				ENABLE_NS_ASSERTIONS = NO;
				ENABLE_STRICT_OBJC_MSGSEND = YES;
				GCC_C_LANGUAGE_STANDARD = gnu99;
				GCC_NO_COMMON_BLOCKS = YES;
				GCC_WARN_64_TO_32_BIT_CONVERSION = YES;
				GCC_WARN_ABOUT_RETURN_TYPE = YES_ERROR;
				GCC_WARN_UNDECLARED_SELECTOR = YES;
				GCC_WARN_UNINITIALIZED_AUTOS = YES_AGGRESSIVE;
				GCC_WARN_UNUSED_FUNCTION = YES;
				GCC_WARN_UNUSED_VARIABLE = YES;
				IPHONEOS_DEPLOYMENT_TARGET = 8.4;
				MTL_ENABLE_DEBUG_INFO = NO;
				PROVISIONING_PROFILE = "7926c0c9-8cea-4c11-bbc2-8975036483b1";
				SDKROOT = iphoneos;
				VALIDATE_PRODUCT = YES;
			};
			name = Release;
		};
		4897389A1B58AAE8002A438B /* Debug */ = {
			isa = XCBuildConfiguration;
			buildSettings = {
				ASSETCATALOG_COMPILER_APPICON_NAME = AppIcon;
				CODE_SIGN_IDENTITY = "iPhone Developer: wu delphi (82N28SYXCL)";
				EMBEDDED_CONTENT_CONTAINS_SWIFT = YES;
				INFOPLIST_FILE = Runner/Info.plist;
				IPHONEOS_DEPLOYMENT_TARGET = 8.0;
				LD_RUNPATH_SEARCH_PATHS = "$(inherited) @executable_path/Frameworks";
				PRODUCT_NAME = "$(TARGET_NAME)";
			};
			name = Debug;
		};
		4897389B1B58AAE8002A438B /* Release */ = {
			isa = XCBuildConfiguration;
			buildSettings = {
				ASSETCATALOG_COMPILER_APPICON_NAME = AppIcon;
				CODE_SIGN_IDENTITY = "iPhone Distribution: wu delphi (3FK5JW7CVT)";
				"CODE_SIGN_IDENTITY[sdk=iphoneos*]" = "iPhone Distribution: wu delphi (3FK5JW7CVT)";
				EMBEDDED_CONTENT_CONTAINS_SWIFT = YES;
				INFOPLIST_FILE = Runner/Info.plist;
				IPHONEOS_DEPLOYMENT_TARGET = 8.0;
				LD_RUNPATH_SEARCH_PATHS = "$(inherited) @executable_path/Frameworks";
				PRODUCT_NAME = "$(TARGET_NAME)";
			};
			name = Release;
		};
		4897389D1B58AAE8002A438B /* Debug */ = {
			isa = XCBuildConfiguration;
			buildSettings = {
				BUNDLE_LOADER = "$(TEST_HOST)";
				CODE_SIGN_IDENTITY = "iPhone Developer: wu delphi (82N28SYXCL)";
				"CODE_SIGN_IDENTITY[sdk=iphoneos*]" = "iPhone Developer: wu delphi (82N28SYXCL)";
				EMBEDDED_CONTENT_CONTAINS_SWIFT = YES;
				FRAMEWORK_SEARCH_PATHS = (
					"$(SDKROOT)/Developer/Library/Frameworks",
					"$(inherited)",
				);
				GCC_PREPROCESSOR_DEFINITIONS = (
					"DEBUG=1",
					"$(inherited)",
				);
				INFOPLIST_FILE = RunnerTests/Info.plist;
				LD_RUNPATH_SEARCH_PATHS = "$(inherited) @executable_path/Frameworks @loader_path/Frameworks";
				PRODUCT_NAME = "$(TARGET_NAME)";
				PROVISIONING_PROFILE = "7926c0c9-8cea-4c11-bbc2-8975036483b1";
				TEST_HOST = "$(BUILT_PRODUCTS_DIR)/Runner.app/Runner";
			};
			name = Debug;
		};
		4897389E1B58AAE8002A438B /* Release */ = {
			isa = XCBuildConfiguration;
			buildSettings = {
				BUNDLE_LOADER = "$(TEST_HOST)";
				CODE_SIGN_IDENTITY = "iPhone Distribution: wu delphi (3FK5JW7CVT)";
				EMBEDDED_CONTENT_CONTAINS_SWIFT = YES;
				FRAMEWORK_SEARCH_PATHS = (
					"$(SDKROOT)/Developer/Library/Frameworks",
					"$(inherited)",
				);
				INFOPLIST_FILE = RunnerTests/Info.plist;
				LD_RUNPATH_SEARCH_PATHS = "$(inherited) @executable_path/Frameworks @loader_path/Frameworks";
				PRODUCT_NAME = "$(TARGET_NAME)";
				PROVISIONING_PROFILE = "7926c0c9-8cea-4c11-bbc2-8975036483b1";
				TEST_HOST = "$(BUILT_PRODUCTS_DIR)/Runner.app/Runner";
			};
			name = Release;
		};
/* End XCBuildConfiguration section */

/* Begin XCConfigurationList section */
		4897386E1B58AAE8002A438B /* Build configuration list for PBXProject "Runner" */ = {
			isa = XCConfigurationList;
			buildConfigurations = (
				489738971B58AAE8002A438B /* Debug */,
				489738981B58AAE8002A438B /* Release */,
			);
			defaultConfigurationIsVisible = 0;
			defaultConfigurationName = Release;
		};
		489738991B58AAE8002A438B /* Build configuration list for PBXNativeTarget "Runner" */ = {
			isa = XCConfigurationList;
			buildConfigurations = (
				4897389A1B58AAE8002A438B /* Debug */,
				4897389B1B58AAE8002A438B /* Release */,
			);
			defaultConfigurationIsVisible = 0;
			defaultConfigurationName = Release;
		};
		4897389C1B58AAE8002A438B /* Build configuration list for PBXNativeTarget "RunnerTests" */ = {
			isa = XCConfigurationList;
			buildConfigurations = (
				4897389D1B58AAE8002A438B /* Debug */,
				4897389E1B58AAE8002A438B /* Release */,
			);
			defaultConfigurationIsVisible = 0;
			defaultConfigurationName = Release;
		};
/* End XCConfigurationList section */

/* Begin XCVersionGroup section */
		489738A81B58AC20002A438B /* Runner.xcdatamodeld */ = {
			isa = XCVersionGroup;
			children = (
				489738A91B58AC20002A438B /* Runner.xcdatamodel */,
			);
			currentVersion = 489738A91B58AC20002A438B /* Runner.xcdatamodel */;
			path = Runner.xcdatamodeld;
			sourceTree = "<group>";
			versionGroupType = wrapper.xcdatamodel;
		};
/* End XCVersionGroup section */
	};
	rootObject = 4897386B1B58AAE8002A438B /* Project object */;
}
